// !$*UTF8*$!
{
	archiveVersion = 1;
	classes = {
	};
	objectVersion = 50;
	objects = {

/* Begin PBXBuildFile section */
		2E66DA0522F241B9861B5032 /* Pods_PhotoMarker.framework in Frameworks */ = {isa = PBXBuildFile; fileRef = D71D37D36881683493BDBFD4 /* Pods_PhotoMarker.framework */; };
		BAA7673E20CE7EF700BD9C6A /* AppDelegate.swift in Sources */ = {isa = PBXBuildFile; fileRef = BAA7673D20CE7EF700BD9C6A /* AppDelegate.swift */; };
		BAA7674020CE7EF700BD9C6A /* ViewController.swift in Sources */ = {isa = PBXBuildFile; fileRef = BAA7673F20CE7EF700BD9C6A /* ViewController.swift */; };
		BAA7674320CE7EF700BD9C6A /* Main.storyboard in Resources */ = {isa = PBXBuildFile; fileRef = BAA7674120CE7EF700BD9C6A /* Main.storyboard */; };
		BAA7674520CE7EF800BD9C6A /* Assets.xcassets in Resources */ = {isa = PBXBuildFile; fileRef = BAA7674420CE7EF800BD9C6A /* Assets.xcassets */; };
		BAA7674820CE7EF800BD9C6A /* LaunchScreen.storyboard in Resources */ = {isa = PBXBuildFile; fileRef = BAA7674620CE7EF800BD9C6A /* LaunchScreen.storyboard */; };
		BAA7675320CE7EF800BD9C6A /* PhotoMarkerTests.swift in Sources */ = {isa = PBXBuildFile; fileRef = BAA7675220CE7EF800BD9C6A /* PhotoMarkerTests.swift */; };
		BAA7675E20CE7EF800BD9C6A /* PhotoMarkerUITests.swift in Sources */ = {isa = PBXBuildFile; fileRef = BAA7675D20CE7EF800BD9C6A /* PhotoMarkerUITests.swift */; };
		BAA7676D20CE7F8E00BD9C6A /* PictureViewController.swift in Sources */ = {isa = PBXBuildFile; fileRef = BAA7676B20CE7F8E00BD9C6A /* PictureViewController.swift */; };
		BAA7676E20CE7F8E00BD9C6A /* DrawImageView.swift in Sources */ = {isa = PBXBuildFile; fileRef = BAA7676C20CE7F8E00BD9C6A /* DrawImageView.swift */; };
/* End PBXBuildFile section */

/* Begin PBXContainerItemProxy section */
		BAA7674F20CE7EF800BD9C6A /* PBXContainerItemProxy */ = {
			isa = PBXContainerItemProxy;
			containerPortal = BAA7673220CE7EF700BD9C6A /* Project object */;
			proxyType = 1;
			remoteGlobalIDString = BAA7673920CE7EF700BD9C6A;
			remoteInfo = PhotoMarker;
		};
		BAA7675A20CE7EF800BD9C6A /* PBXContainerItemProxy */ = {
			isa = PBXContainerItemProxy;
			containerPortal = BAA7673220CE7EF700BD9C6A /* Project object */;
			proxyType = 1;
			remoteGlobalIDString = BAA7673920CE7EF700BD9C6A;
			remoteInfo = PhotoMarker;
		};
/* End PBXContainerItemProxy section */

/* Begin PBXFileReference section */
		92C9CFA1F9BF694B60A319CB /* Pods-PhotoMarker.release.xcconfig */ = {isa = PBXFileReference; includeInIndex = 1; lastKnownFileType = text.xcconfig; name = "Pods-PhotoMarker.release.xcconfig"; path = "Pods/Target Support Files/Pods-PhotoMarker/Pods-PhotoMarker.release.xcconfig"; sourceTree = "<group>"; };
		AEF1130D1A686354B681B163 /* Pods-PhotoMarker.debug.xcconfig */ = {isa = PBXFileReference; includeInIndex = 1; lastKnownFileType = text.xcconfig; name = "Pods-PhotoMarker.debug.xcconfig"; path = "Pods/Target Support Files/Pods-PhotoMarker/Pods-PhotoMarker.debug.xcconfig"; sourceTree = "<group>"; };
		BAA7673A20CE7EF700BD9C6A /* PhotoMarker.app */ = {isa = PBXFileReference; explicitFileType = wrapper.application; includeInIndex = 0; path = PhotoMarker.app; sourceTree = BUILT_PRODUCTS_DIR; };
		BAA7673D20CE7EF700BD9C6A /* AppDelegate.swift */ = {isa = PBXFileReference; lastKnownFileType = sourcecode.swift; path = AppDelegate.swift; sourceTree = "<group>"; };
		BAA7673F20CE7EF700BD9C6A /* ViewController.swift */ = {isa = PBXFileReference; lastKnownFileType = sourcecode.swift; path = ViewController.swift; sourceTree = "<group>"; };
		BAA7674220CE7EF700BD9C6A /* Base */ = {isa = PBXFileReference; lastKnownFileType = file.storyboard; name = Base; path = Base.lproj/Main.storyboard; sourceTree = "<group>"; };
		BAA7674420CE7EF800BD9C6A /* Assets.xcassets */ = {isa = PBXFileReference; lastKnownFileType = folder.assetcatalog; path = Assets.xcassets; sourceTree = "<group>"; };
		BAA7674720CE7EF800BD9C6A /* Base */ = {isa = PBXFileReference; lastKnownFileType = file.storyboard; name = Base; path = Base.lproj/LaunchScreen.storyboard; sourceTree = "<group>"; };
		BAA7674920CE7EF800BD9C6A /* Info.plist */ = {isa = PBXFileReference; lastKnownFileType = text.plist.xml; path = Info.plist; sourceTree = "<group>"; };
		BAA7674E20CE7EF800BD9C6A /* PhotoMarkerTests.xctest */ = {isa = PBXFileReference; explicitFileType = wrapper.cfbundle; includeInIndex = 0; path = PhotoMarkerTests.xctest; sourceTree = BUILT_PRODUCTS_DIR; };
		BAA7675220CE7EF800BD9C6A /* PhotoMarkerTests.swift */ = {isa = PBXFileReference; lastKnownFileType = sourcecode.swift; path = PhotoMarkerTests.swift; sourceTree = "<group>"; };
		BAA7675420CE7EF800BD9C6A /* Info.plist */ = {isa = PBXFileReference; lastKnownFileType = text.plist.xml; path = Info.plist; sourceTree = "<group>"; };
		BAA7675920CE7EF800BD9C6A /* PhotoMarkerUITests.xctest */ = {isa = PBXFileReference; explicitFileType = wrapper.cfbundle; includeInIndex = 0; path = PhotoMarkerUITests.xctest; sourceTree = BUILT_PRODUCTS_DIR; };
		BAA7675D20CE7EF800BD9C6A /* PhotoMarkerUITests.swift */ = {isa = PBXFileReference; lastKnownFileType = sourcecode.swift; path = PhotoMarkerUITests.swift; sourceTree = "<group>"; };
		BAA7675F20CE7EF800BD9C6A /* Info.plist */ = {isa = PBXFileReference; lastKnownFileType = text.plist.xml; path = Info.plist; sourceTree = "<group>"; };
		BAA7676B20CE7F8E00BD9C6A /* PictureViewController.swift */ = {isa = PBXFileReference; fileEncoding = 4; lastKnownFileType = sourcecode.swift; path = PictureViewController.swift; sourceTree = "<group>"; };
		BAA7676C20CE7F8E00BD9C6A /* DrawImageView.swift */ = {isa = PBXFileReference; fileEncoding = 4; lastKnownFileType = sourcecode.swift; path = DrawImageView.swift; sourceTree = "<group>"; };
		D71D37D36881683493BDBFD4 /* Pods_PhotoMarker.framework */ = {isa = PBXFileReference; explicitFileType = wrapper.framework; includeInIndex = 0; path = Pods_PhotoMarker.framework; sourceTree = BUILT_PRODUCTS_DIR; };
/* End PBXFileReference section */

/* Begin PBXFrameworksBuildPhase section */
		BAA7673720CE7EF700BD9C6A /* Frameworks */ = {
			isa = PBXFrameworksBuildPhase;
			buildActionMask = 2147483647;
			files = (
				2E66DA0522F241B9861B5032 /* Pods_PhotoMarker.framework in Frameworks */,
			);
			runOnlyForDeploymentPostprocessing = 0;
		};
		BAA7674B20CE7EF800BD9C6A /* Frameworks */ = {
			isa = PBXFrameworksBuildPhase;
			buildActionMask = 2147483647;
			files = (
			);
			runOnlyForDeploymentPostprocessing = 0;
		};
		BAA7675620CE7EF800BD9C6A /* Frameworks */ = {
			isa = PBXFrameworksBuildPhase;
			buildActionMask = 2147483647;
			files = (
			);
			runOnlyForDeploymentPostprocessing = 0;
		};
/* End PBXFrameworksBuildPhase section */

/* Begin PBXGroup section */
		732B770AEB789AA57999926A /* Frameworks */ = {
			isa = PBXGroup;
			children = (
				D71D37D36881683493BDBFD4 /* Pods_PhotoMarker.framework */,
			);
			name = Frameworks;
			sourceTree = "<group>";
		};
		BAA7673120CE7EF700BD9C6A = {
			isa = PBXGroup;
			children = (
				BAA7673C20CE7EF700BD9C6A /* PhotoMarker */,
				BAA7675120CE7EF800BD9C6A /* PhotoMarkerTests */,
				BAA7675C20CE7EF800BD9C6A /* PhotoMarkerUITests */,
				BAA7673B20CE7EF700BD9C6A /* Products */,
				E5968B76F1EF0A5C119FDED1 /* Pods */,
				732B770AEB789AA57999926A /* Frameworks */,
			);
			sourceTree = "<group>";
		};
		BAA7673B20CE7EF700BD9C6A /* Products */ = {
			isa = PBXGroup;
			children = (
				BAA7673A20CE7EF700BD9C6A /* PhotoMarker.app */,
				BAA7674E20CE7EF800BD9C6A /* PhotoMarkerTests.xctest */,
				BAA7675920CE7EF800BD9C6A /* PhotoMarkerUITests.xctest */,
			);
			name = Products;
			sourceTree = "<group>";
		};
		BAA7673C20CE7EF700BD9C6A /* PhotoMarker */ = {
			isa = PBXGroup;
			children = (
				BAA7673D20CE7EF700BD9C6A /* AppDelegate.swift */,
				BAA7673F20CE7EF700BD9C6A /* ViewController.swift */,
				BAA7676C20CE7F8E00BD9C6A /* DrawImageView.swift */,
				BAA7676B20CE7F8E00BD9C6A /* PictureViewController.swift */,
				BAA7674120CE7EF700BD9C6A /* Main.storyboard */,
				BAA7674420CE7EF800BD9C6A /* Assets.xcassets */,
				BAA7674620CE7EF800BD9C6A /* LaunchScreen.storyboard */,
				BAA7674920CE7EF800BD9C6A /* Info.plist */,
			);
			path = PhotoMarker;
			sourceTree = "<group>";
		};
		BAA7675120CE7EF800BD9C6A /* PhotoMarkerTests */ = {
			isa = PBXGroup;
			children = (
				BAA7675220CE7EF800BD9C6A /* PhotoMarkerTests.swift */,
				BAA7675420CE7EF800BD9C6A /* Info.plist */,
			);
			path = PhotoMarkerTests;
			sourceTree = "<group>";
		};
		BAA7675C20CE7EF800BD9C6A /* PhotoMarkerUITests */ = {
			isa = PBXGroup;
			children = (
				BAA7675D20CE7EF800BD9C6A /* PhotoMarkerUITests.swift */,
				BAA7675F20CE7EF800BD9C6A /* Info.plist */,
			);
			path = PhotoMarkerUITests;
			sourceTree = "<group>";
		};
		E5968B76F1EF0A5C119FDED1 /* Pods */ = {
			isa = PBXGroup;
			children = (
				AEF1130D1A686354B681B163 /* Pods-PhotoMarker.debug.xcconfig */,
				92C9CFA1F9BF694B60A319CB /* Pods-PhotoMarker.release.xcconfig */,
			);
			name = Pods;
			sourceTree = "<group>";
		};
/* End PBXGroup section */

/* Begin PBXNativeTarget section */
		BAA7673920CE7EF700BD9C6A /* PhotoMarker */ = {
			isa = PBXNativeTarget;
			buildConfigurationList = BAA7676220CE7EF800BD9C6A /* Build configuration list for PBXNativeTarget "PhotoMarker" */;
			buildPhases = (
				DAD6192A0D5AFD622E0F6E3F /* [CP] Check Pods Manifest.lock */,
				BAA7673620CE7EF700BD9C6A /* Sources */,
				BAA7673720CE7EF700BD9C6A /* Frameworks */,
				BAA7673820CE7EF700BD9C6A /* Resources */,
				328B879E25DDC3298BCD4B8B /* [CP] Embed Pods Frameworks */,
			);
			buildRules = (
			);
			dependencies = (
			);
			name = PhotoMarker;
			productName = PhotoMarker;
			productReference = BAA7673A20CE7EF700BD9C6A /* PhotoMarker.app */;
			productType = "com.apple.product-type.application";
		};
		BAA7674D20CE7EF800BD9C6A /* PhotoMarkerTests */ = {
			isa = PBXNativeTarget;
			buildConfigurationList = BAA7676520CE7EF800BD9C6A /* Build configuration list for PBXNativeTarget "PhotoMarkerTests" */;
			buildPhases = (
				BAA7674A20CE7EF800BD9C6A /* Sources */,
				BAA7674B20CE7EF800BD9C6A /* Frameworks */,
				BAA7674C20CE7EF800BD9C6A /* Resources */,
			);
			buildRules = (
			);
			dependencies = (
				BAA7675020CE7EF800BD9C6A /* PBXTargetDependency */,
			);
			name = PhotoMarkerTests;
			productName = PhotoMarkerTests;
			productReference = BAA7674E20CE7EF800BD9C6A /* PhotoMarkerTests.xctest */;
			productType = "com.apple.product-type.bundle.unit-test";
		};
		BAA7675820CE7EF800BD9C6A /* PhotoMarkerUITests */ = {
			isa = PBXNativeTarget;
			buildConfigurationList = BAA7676820CE7EF800BD9C6A /* Build configuration list for PBXNativeTarget "PhotoMarkerUITests" */;
			buildPhases = (
				BAA7675520CE7EF800BD9C6A /* Sources */,
				BAA7675620CE7EF800BD9C6A /* Frameworks */,
				BAA7675720CE7EF800BD9C6A /* Resources */,
			);
			buildRules = (
			);
			dependencies = (
				BAA7675B20CE7EF800BD9C6A /* PBXTargetDependency */,
			);
			name = PhotoMarkerUITests;
			productName = PhotoMarkerUITests;
			productReference = BAA7675920CE7EF800BD9C6A /* PhotoMarkerUITests.xctest */;
			productType = "com.apple.product-type.bundle.ui-testing";
		};
/* End PBXNativeTarget section */

/* Begin PBXProject section */
		BAA7673220CE7EF700BD9C6A /* Project object */ = {
			isa = PBXProject;
			attributes = {
				LastSwiftUpdateCheck = 0930;
				LastUpgradeCheck = 0930;
				ORGANIZATIONNAME = "朱慧平";
				TargetAttributes = {
					BAA7673920CE7EF700BD9C6A = {
						CreatedOnToolsVersion = 9.3;
					};
					BAA7674D20CE7EF800BD9C6A = {
						CreatedOnToolsVersion = 9.3;
						TestTargetID = BAA7673920CE7EF700BD9C6A;
					};
					BAA7675820CE7EF800BD9C6A = {
						CreatedOnToolsVersion = 9.3;
						TestTargetID = BAA7673920CE7EF700BD9C6A;
					};
				};
			};
			buildConfigurationList = BAA7673520CE7EF700BD9C6A /* Build configuration list for PBXProject "PhotoMarker" */;
			compatibilityVersion = "Xcode 9.3";
			developmentRegion = en;
			hasScannedForEncodings = 0;
			knownRegions = (
				en,
				Base,
			);
			mainGroup = BAA7673120CE7EF700BD9C6A;
			productRefGroup = BAA7673B20CE7EF700BD9C6A /* Products */;
			projectDirPath = "";
			projectRoot = "";
			targets = (
				BAA7673920CE7EF700BD9C6A /* PhotoMarker */,
				BAA7674D20CE7EF800BD9C6A /* PhotoMarkerTests */,
				BAA7675820CE7EF800BD9C6A /* PhotoMarkerUITests */,
			);
		};
/* End PBXProject section */

/* Begin PBXResourcesBuildPhase section */
		BAA7673820CE7EF700BD9C6A /* Resources */ = {
			isa = PBXResourcesBuildPhase;
			buildActionMask = 2147483647;
			files = (
				BAA7674820CE7EF800BD9C6A /* LaunchScreen.storyboard in Resources */,
				BAA7674520CE7EF800BD9C6A /* Assets.xcassets in Resources */,
				BAA7674320CE7EF700BD9C6A /* Main.storyboard in Resources */,
			);
			runOnlyForDeploymentPostprocessing = 0;
		};
		BAA7674C20CE7EF800BD9C6A /* Resources */ = {
			isa = PBXResourcesBuildPhase;
			buildActionMask = 2147483647;
			files = (
			);
			runOnlyForDeploymentPostprocessing = 0;
		};
		BAA7675720CE7EF800BD9C6A /* Resources */ = {
			isa = PBXResourcesBuildPhase;
			buildActionMask = 2147483647;
			files = (
			);
			runOnlyForDeploymentPostprocessing = 0;
		};
/* End PBXResourcesBuildPhase section */

/* Begin PBXShellScriptBuildPhase section */
		328B879E25DDC3298BCD4B8B /* [CP] Embed Pods Frameworks */ = {
			isa = PBXShellScriptBuildPhase;
			buildActionMask = 2147483647;
			files = (
			);
			inputPaths = (
				"${SRCROOT}/Pods/Target Support Files/Pods-PhotoMarker/Pods-PhotoMarker-frameworks.sh",
				"${BUILT_PRODUCTS_DIR}/MBProgressHUD/MBProgressHUD.framework",
				"${BUILT_PRODUCTS_DIR}/SnapKit/SnapKit.framework",
			);
			name = "[CP] Embed Pods Frameworks";
			outputPaths = (
				"${TARGET_BUILD_DIR}/${FRAMEWORKS_FOLDER_PATH}/MBProgressHUD.framework",
				"${TARGET_BUILD_DIR}/${FRAMEWORKS_FOLDER_PATH}/SnapKit.framework",
			);
			runOnlyForDeploymentPostprocessing = 0;
			shellPath = /bin/sh;
			shellScript = "\"${SRCROOT}/Pods/Target Support Files/Pods-PhotoMarker/Pods-PhotoMarker-frameworks.sh\"\n";
			showEnvVarsInLog = 0;
		};
		DAD6192A0D5AFD622E0F6E3F /* [CP] Check Pods Manifest.lock */ = {
			isa = PBXShellScriptBuildPhase;
			buildActionMask = 2147483647;
			files = (
			);
			inputPaths = (
				"${PODS_PODFILE_DIR_PATH}/Podfile.lock",
				"${PODS_ROOT}/Manifest.lock",
			);
			name = "[CP] Check Pods Manifest.lock";
			outputPaths = (
				"$(DERIVED_FILE_DIR)/Pods-PhotoMarker-checkManifestLockResult.txt",
			);
			runOnlyForDeploymentPostprocessing = 0;
			shellPath = /bin/sh;
			shellScript = "diff \"${PODS_PODFILE_DIR_PATH}/Podfile.lock\" \"${PODS_ROOT}/Manifest.lock\" > /dev/null\nif [ $? != 0 ] ; then\n    # print error to STDERR\n    echo \"error: The sandbox is not in sync with the Podfile.lock. Run 'pod install' or update your CocoaPods installation.\" >&2\n    exit 1\nfi\n# This output is used by Xcode 'outputs' to avoid re-running this script phase.\necho \"SUCCESS\" > \"${SCRIPT_OUTPUT_FILE_0}\"\n";
			showEnvVarsInLog = 0;
		};
/* End PBXShellScriptBuildPhase section */

/* Begin PBXSourcesBuildPhase section */
		BAA7673620CE7EF700BD9C6A /* Sources */ = {
			isa = PBXSourcesBuildPhase;
			buildActionMask = 2147483647;
			files = (
				BAA7674020CE7EF700BD9C6A /* ViewController.swift in Sources */,
				BAA7676D20CE7F8E00BD9C6A /* PictureViewController.swift in Sources */,
				BAA7676E20CE7F8E00BD9C6A /* DrawImageView.swift in Sources */,
				BAA7673E20CE7EF700BD9C6A /* AppDelegate.swift in Sources */,
			);
			runOnlyForDeploymentPostprocessing = 0;
		};
		BAA7674A20CE7EF800BD9C6A /* Sources */ = {
			isa = PBXSourcesBuildPhase;
			buildActionMask = 2147483647;
			files = (
				BAA7675320CE7EF800BD9C6A /* PhotoMarkerTests.swift in Sources */,
			);
			runOnlyForDeploymentPostprocessing = 0;
		};
		BAA7675520CE7EF800BD9C6A /* Sources */ = {
			isa = PBXSourcesBuildPhase;
			buildActionMask = 2147483647;
			files = (
				BAA7675E20CE7EF800BD9C6A /* PhotoMarkerUITests.swift in Sources */,
			);
			runOnlyForDeploymentPostprocessing = 0;
		};
/* End PBXSourcesBuildPhase section */

/* Begin PBXTargetDependency section */
		BAA7675020CE7EF800BD9C6A /* PBXTargetDependency */ = {
			isa = PBXTargetDependency;
			target = BAA7673920CE7EF700BD9C6A /* PhotoMarker */;
			targetProxy = BAA7674F20CE7EF800BD9C6A /* PBXContainerItemProxy */;
		};
		BAA7675B20CE7EF800BD9C6A /* PBXTargetDependency */ = {
			isa = PBXTargetDependency;
			target = BAA7673920CE7EF700BD9C6A /* PhotoMarker */;
			targetProxy = BAA7675A20CE7EF800BD9C6A /* PBXContainerItemProxy */;
		};
/* End PBXTargetDependency section */

/* Begin PBXVariantGroup section */
		BAA7674120CE7EF700BD9C6A /* Main.storyboard */ = {
			isa = PBXVariantGroup;
			children = (
				BAA7674220CE7EF700BD9C6A /* Base */,
			);
			name = Main.storyboard;
			sourceTree = "<group>";
		};
		BAA7674620CE7EF800BD9C6A /* LaunchScreen.storyboard */ = {
			isa = PBXVariantGroup;
			children = (
				BAA7674720CE7EF800BD9C6A /* Base */,
			);
			name = LaunchScreen.storyboard;
			sourceTree = "<group>";
		};
/* End PBXVariantGroup section */

/* Begin XCBuildConfiguration section */
		BAA7676020CE7EF800BD9C6A /* Debug */ = {
			isa = XCBuildConfiguration;
			buildSettings = {
				ALWAYS_SEARCH_USER_PATHS = NO;
				CLANG_ANALYZER_NONNULL = YES;
				CLANG_ANALYZER_NUMBER_OBJECT_CONVERSION = YES_AGGRESSIVE;
				CLANG_CXX_LANGUAGE_STANDARD = "gnu++14";
				CLANG_CXX_LIBRARY = "libc++";
				CLANG_ENABLE_MODULES = YES;
				CLANG_ENABLE_OBJC_ARC = YES;
				CLANG_ENABLE_OBJC_WEAK = YES;
				CLANG_WARN_BLOCK_CAPTURE_AUTORELEASING = YES;
				CLANG_WARN_BOOL_CONVERSION = YES;
				CLANG_WARN_COMMA = YES;
				CLANG_WARN_CONSTANT_CONVERSION = YES;
				CLANG_WARN_DEPRECATED_OBJC_IMPLEMENTATIONS = YES;
				CLANG_WARN_DIRECT_OBJC_ISA_USAGE = YES_ERROR;
				CLANG_WARN_DOCUMENTATION_COMMENTS = YES;
				CLANG_WARN_EMPTY_BODY = YES;
				CLANG_WARN_ENUM_CONVERSION = YES;
				CLANG_WARN_INFINITE_RECURSION = YES;
				CLANG_WARN_INT_CONVERSION = YES;
				CLANG_WARN_NON_LITERAL_NULL_CONVERSION = YES;
				CLANG_WARN_OBJC_IMPLICIT_RETAIN_SELF = YES;
				CLANG_WARN_OBJC_LITERAL_CONVERSION = YES;
				CLANG_WARN_OBJC_ROOT_CLASS = YES_ERROR;
				CLANG_WARN_RANGE_LOOP_ANALYSIS = YES;
				CLANG_WARN_STRICT_PROTOTYPES = YES;
				CLANG_WARN_SUSPICIOUS_MOVE = YES;
				CLANG_WARN_UNGUARDED_AVAILABILITY = YES_AGGRESSIVE;
				CLANG_WARN_UNREACHABLE_CODE = YES;
				CLANG_WARN__DUPLICATE_METHOD_MATCH = YES;
				CODE_SIGN_IDENTITY = "iPhone Developer";
				COPY_PHASE_STRIP = NO;
				DEBUG_INFORMATION_FORMAT = dwarf;
				ENABLE_STRICT_OBJC_MSGSEND = YES;
				ENABLE_TESTABILITY = YES;
				GCC_C_LANGUAGE_STANDARD = gnu11;
				GCC_DYNAMIC_NO_PIC = NO;
				GCC_NO_COMMON_BLOCKS = YES;
				GCC_OPTIMIZATION_LEVEL = 0;
				GCC_PREPROCESSOR_DEFINITIONS = (
					"DEBUG=1",
					"$(inherited)",
				);
				GCC_WARN_64_TO_32_BIT_CONVERSION = YES;
				GCC_WARN_ABOUT_RETURN_TYPE = YES_ERROR;
				GCC_WARN_UNDECLARED_SELECTOR = YES;
				GCC_WARN_UNINITIALIZED_AUTOS = YES_AGGRESSIVE;
				GCC_WARN_UNUSED_FUNCTION = YES;
				GCC_WARN_UNUSED_VARIABLE = YES;
				IPHONEOS_DEPLOYMENT_TARGET = 11.3;
				MTL_ENABLE_DEBUG_INFO = YES;
				ONLY_ACTIVE_ARCH = YES;
				SDKROOT = iphoneos;
				SWIFT_ACTIVE_COMPILATION_CONDITIONS = DEBUG;
				SWIFT_OPTIMIZATION_LEVEL = "-Onone";
			};
			name = Debug;
		};
		BAA7676120CE7EF800BD9C6A /* Release */ = {
			isa = XCBuildConfiguration;
			buildSettings = {
				ALWAYS_SEARCH_USER_PATHS = NO;
				CLANG_ANALYZER_NONNULL = YES;
				CLANG_ANALYZER_NUMBER_OBJECT_CONVERSION = YES_AGGRESSIVE;
				CLANG_CXX_LANGUAGE_STANDARD = "gnu++14";
				CLANG_CXX_LIBRARY = "libc++";
				CLANG_ENABLE_MODULES = YES;
				CLANG_ENABLE_OBJC_ARC = YES;
				CLANG_ENABLE_OBJC_WEAK = YES;
				CLANG_WARN_BLOCK_CAPTURE_AUTORELEASING = YES;
				CLANG_WARN_BOOL_CONVERSION = YES;
				CLANG_WARN_COMMA = YES;
				CLANG_WARN_CONSTANT_CONVERSION = YES;
				CLANG_WARN_DEPRECATED_OBJC_IMPLEMENTATIONS = YES;
				CLANG_WARN_DIRECT_OBJC_ISA_USAGE = YES_ERROR;
				CLANG_WARN_DOCUMENTATION_COMMENTS = YES;
				CLANG_WARN_EMPTY_BODY = YES;
				CLANG_WARN_ENUM_CONVERSION = YES;
				CLANG_WARN_INFINITE_RECURSION = YES;
				CLANG_WARN_INT_CONVERSION = YES;
				CLANG_WARN_NON_LITERAL_NULL_CONVERSION = YES;
				CLANG_WARN_OBJC_IMPLICIT_RETAIN_SELF = YES;
				CLANG_WARN_OBJC_LITERAL_CONVERSION = YES;
				CLANG_WARN_OBJC_ROOT_CLASS = YES_ERROR;
				CLANG_WARN_RANGE_LOOP_ANALYSIS = YES;
				CLANG_WARN_STRICT_PROTOTYPES = YES;
				CLANG_WARN_SUSPICIOUS_MOVE = YES;
				CLANG_WARN_UNGUARDED_AVAILABILITY = YES_AGGRESSIVE;
				CLANG_WARN_UNREACHABLE_CODE = YES;
				CLANG_WARN__DUPLICATE_METHOD_MATCH = YES;
				CODE_SIGN_IDENTITY = "iPhone Developer";
				COPY_PHASE_STRIP = NO;
				DEBUG_INFORMATION_FORMAT = "dwarf-with-dsym";
				ENABLE_NS_ASSERTIONS = NO;
				ENABLE_STRICT_OBJC_MSGSEND = YES;
				GCC_C_LANGUAGE_STANDARD = gnu11;
				GCC_NO_COMMON_BLOCKS = YES;
				GCC_WARN_64_TO_32_BIT_CONVERSION = YES;
				GCC_WARN_ABOUT_RETURN_TYPE = YES_ERROR;
				GCC_WARN_UNDECLARED_SELECTOR = YES;
				GCC_WARN_UNINITIALIZED_AUTOS = YES_AGGRESSIVE;
				GCC_WARN_UNUSED_FUNCTION = YES;
				GCC_WARN_UNUSED_VARIABLE = YES;
				IPHONEOS_DEPLOYMENT_TARGET = 11.3;
				MTL_ENABLE_DEBUG_INFO = NO;
				SDKROOT = iphoneos;
				SWIFT_COMPILATION_MODE = wholemodule;
				SWIFT_OPTIMIZATION_LEVEL = "-O";
				VALIDATE_PRODUCT = YES;
			};
			name = Release;
		};
		BAA7676320CE7EF800BD9C6A /* Debug */ = {
			isa = XCBuildConfiguration;
			baseConfigurationReference = AEF1130D1A686354B681B163 /* Pods-PhotoMarker.debug.xcconfig */;
			buildSettings = {
				ASSETCATALOG_COMPILER_APPICON_NAME = AppIcon;
				CODE_SIGN_STYLE = Automatic;
				DEVELOPMENT_TEAM = 52SDKDKNS7;
				INFOPLIST_FILE = PhotoMarker/Info.plist;
				IPHONEOS_DEPLOYMENT_TARGET = 9.3;
				LD_RUNPATH_SEARCH_PATHS = (
					"$(inherited)",
					"@executable_path/Frameworks",
				);
				PRODUCT_BUNDLE_IDENTIFIER = crystal.PhotoMarker;
				PRODUCT_NAME = "$(TARGET_NAME)";
				SWIFT_VERSION = 4.0;
				TARGETED_DEVICE_FAMILY = "1,2";
			};
			name = Debug;
		};
		BAA7676420CE7EF800BD9C6A /* Release */ = {
			isa = XCBuildConfiguration;
			baseConfigurationReference = 92C9CFA1F9BF694B60A319CB /* Pods-PhotoMarker.release.xcconfig */;
			buildSettings = {
				ASSETCATALOG_COMPILER_APPICON_NAME = AppIcon;
				CODE_SIGN_STYLE = Automatic;
				DEVELOPMENT_TEAM = 52SDKDKNS7;
				INFOPLIST_FILE = PhotoMarker/Info.plist;
				IPHONEOS_DEPLOYMENT_TARGET = 9.3;
				LD_RUNPATH_SEARCH_PATHS = (
					"$(inherited)",
					"@executable_path/Frameworks",
				);
				PRODUCT_BUNDLE_IDENTIFIER = crystal.PhotoMarker;
				PRODUCT_NAME = "$(TARGET_NAME)";
				SWIFT_VERSION = 4.0;
				TARGETED_DEVICE_FAMILY = "1,2";
			};
			name = Release;
		};
		BAA7676620CE7EF800BD9C6A /* Debug */ = {
			isa = XCBuildConfiguration;
			buildSettings = {
				ALWAYS_EMBED_SWIFT_STANDARD_LIBRARIES = YES;
				BUNDLE_LOADER = "$(TEST_HOST)";
				CODE_SIGN_STYLE = Automatic;
				DEVELOPMENT_TEAM = 52SDKDKNS7;
				INFOPLIST_FILE = PhotoMarkerTests/Info.plist;
				LD_RUNPATH_SEARCH_PATHS = (
					"$(inherited)",
					"@executable_path/Frameworks",
					"@loader_path/Frameworks",
				);
				PRODUCT_BUNDLE_IDENTIFIER = crystal.PhotoMarkerTests;
				PRODUCT_NAME = "$(TARGET_NAME)";
				SWIFT_VERSION = 4.0;
				TARGETED_DEVICE_FAMILY = "1,2";
				TEST_HOST = "$(BUILT_PRODUCTS_DIR)/PhotoMarker.app/PhotoMarker";
			};
			name = Debug;
		};
		BAA7676720CE7EF800BD9C6A /* Release */ = {
			isa = XCBuildConfiguration;
			buildSettings = {
				ALWAYS_EMBED_SWIFT_STANDARD_LIBRARIES = YES;
				BUNDLE_LOADER = "$(TEST_HOST)";
				CODE_SIGN_STYLE = Automatic;
				DEVELOPMENT_TEAM = 52SDKDKNS7;
				INFOPLIST_FILE = PhotoMarkerTests/Info.plist;
				LD_RUNPATH_SEARCH_PATHS = (
					"$(inherited)",
					"@executable_path/Frameworks",
					"@loader_path/Frameworks",
				);
				PRODUCT_BUNDLE_IDENTIFIER = crystal.PhotoMarkerTests;
				PRODUCT_NAME = "$(TARGET_NAME)";
				SWIFT_VERSION = 4.0;
				TARGETED_DEVICE_FAMILY = "1,2";
				TEST_HOST = "$(BUILT_PRODUCTS_DIR)/PhotoMarker.app/PhotoMarker";
			};
			name = Release;
		};
		BAA7676920CE7EF800BD9C6A /* Debug */ = {
			isa = XCBuildConfiguration;
			buildSettings = {
				ALWAYS_EMBED_SWIFT_STANDARD_LIBRARIES = YES;
				CODE_SIGN_STYLE = Automatic;
				DEVELOPMENT_TEAM = 52SDKDKNS7;
				INFOPLIST_FILE = PhotoMarkerUITests/Info.plist;
				LD_RUNPATH_SEARCH_PATHS = (
					"$(inherited)",
					"@executable_path/Frameworks",
					"@loader_path/Frameworks",
				);
				PRODUCT_BUNDLE_IDENTIFIER = crystal.PhotoMarkerUITests;
				PRODUCT_NAME = "$(TARGET_NAME)";
				SWIFT_VERSION = 4.0;
				TARGETED_DEVICE_FAMILY = "1,2";
				TEST_TARGET_NAME = PhotoMarker;
			};
			name = Debug;
		};
		BAA7676A20CE7EF800BD9C6A /* Release */ = {
			isa = XCBuildConfiguration;
			buildSettings = {
				ALWAYS_EMBED_SWIFT_STANDARD_LIBRARIES = YES;
				CODE_SIGN_STYLE = Automatic;
				DEVELOPMENT_TEAM = 52SDKDKNS7;
				INFOPLIST_FILE = PhotoMarkerUITests/Info.plist;
				LD_RUNPATH_SEARCH_PATHS = (
					"$(inherited)",
					"@executable_path/Frameworks",
					"@loader_path/Frameworks",
				);
				PRODUCT_BUNDLE_IDENTIFIER = crystal.PhotoMarkerUITests;
				PRODUCT_NAME = "$(TARGET_NAME)";
				SWIFT_VERSION = 4.0;
				TARGETED_DEVICE_FAMILY = "1,2";
				TEST_TARGET_NAME = PhotoMarker;
			};
			name = Release;
		};
/* End XCBuildConfiguration section */

/* Begin XCConfigurationList section */
		BAA7673520CE7EF700BD9C6A /* Build configuration list for PBXProject "PhotoMarker" */ = {
			isa = XCConfigurationList;
			buildConfigurations = (
				BAA7676020CE7EF800BD9C6A /* Debug */,
				BAA7676120CE7EF800BD9C6A /* Release */,
			);
			defaultConfigurationIsVisible = 0;
			defaultConfigurationName = Release;
		};
		BAA7676220CE7EF800BD9C6A /* Build configuration list for PBXNativeTarget "PhotoMarker" */ = {
			isa = XCConfigurationList;
			buildConfigurations = (
				BAA7676320CE7EF800BD9C6A /* Debug */,
				BAA7676420CE7EF800BD9C6A /* Release */,
			);
			defaultConfigurationIsVisible = 0;
			defaultConfigurationName = Release;
		};
		BAA7676520CE7EF800BD9C6A /* Build configuration list for PBXNativeTarget "PhotoMarkerTests" */ = {
			isa = XCConfigurationList;
			buildConfigurations = (
				BAA7676620CE7EF800BD9C6A /* Debug */,
				BAA7676720CE7EF800BD9C6A /* Release */,
			);
			defaultConfigurationIsVisible = 0;
			defaultConfigurationName = Release;
		};
		BAA7676820CE7EF800BD9C6A /* Build configuration list for PBXNativeTarget "PhotoMarkerUITests" */ = {
			isa = XCConfigurationList;
			buildConfigurations = (
				BAA7676920CE7EF800BD9C6A /* Debug */,
				BAA7676A20CE7EF800BD9C6A /* Release */,
			);
			defaultConfigurationIsVisible = 0;
			defaultConfigurationName = Release;
		};
/* End XCConfigurationList section */
	};
	rootObject = BAA7673220CE7EF700BD9C6A /* Project object */;
}
